{
  "requires": true,
  "lockfileVersion": 1,
  "dependencies": {
    "@sweetalert2/theme-dark": {
      "version": "3.0.7",
      "resolved": "https://registry.npmjs.org/@sweetalert2/theme-dark/-/theme-dark-3.0.7.tgz",
      "integrity": "sha512-E2ivQis+VM+sTABoYaTPovzhNz6Su/jjCN37FSfIG9rYSQDMIaIVcPE+76dYOjTW+x4H8tGO8xY5dwJZTgg/zw=="
    }
  }
}
